
Microsoft Visual Studio Solution File, Format Version 12.00
# Visual Studio Version 16
VisualStudioVersion = 16.0.30804.86
MinimumVisualStudioVersion = 10.0.40219.1
Project("{FAE04EC0-301F-11D3-BF4B-00C04F79EFBC}") = "Projet_Part_I", "Projet_Part_I\Projet_Part_I.csproj", "{D3438391-2BE1-43E6-90AD-04051B03291F}"
EndProject
Project("{2150E333-8FDC-42A3-9474-1A3956D46DE8}") = "Solution Items", "Solution Items", "{AECBA15A-4B92-4A40-910C-BF4DE8C20DCD}"
	ProjectSection(SolutionItems) = preProject
		Class1.cs = Class1.cs
		Class2.cs = Class2.cs
	EndProjectSection
EndProject
Global
	GlobalSection(SolutionConfigurationPlatforms) = preSolution
		Debug|Any CPU = Debug|Any CPU
		Release|Any CPU = Release|Any CPU
	EndGlobalSection
	GlobalSection(ProjectConfigurationPlatforms) = postSolution
		{D3438391-2BE1-43E6-90AD-04051B03291F}.Debug|Any CPU.ActiveCfg = Debug|Any CPU
		{D3438391-2BE1-43E6-90AD-04051B03291F}.Debug|Any CPU.Build.0 = Debug|Any CPU
		{D3438391-2BE1-43E6-90AD-04051B03291F}.Release|Any CPU.ActiveCfg = Release|Any CPU
		{D3438391-2BE1-43E6-90AD-04051B03291F}.Release|Any CPU.Build.0 = Release|Any CPU
	EndGlobalSection
	GlobalSection(SolutionProperties) = preSolution
		HideSolutionNode = FALSE
	EndGlobalSection
	GlobalSection(ExtensibilityGlobals) = postSolution
		SolutionGuid = {AAA8214B-E3D4-436F-980E-F0A06DC13C08}
	EndGlobalSection
EndGlobal
